
Microsoft Visual Studio Solution File, Format Version 12.00
# Visual Studio 15
VisualStudioVersion = 15.0.26124.0
MinimumVisualStudioVersion = 15.0.26124.0
Project("{FAE04EC0-301F-11D3-BF4B-00C04F79EFBC}") = "ThousandSchnapsen.Common", "ThousandSchnapsen.Common\ThousandSchnapsen.Common.csproj", "{8D1FBA52-93C2-4F42-A0EB-99987BB76FD8}"
EndProject
Project("{FAE04EC0-301F-11D3-BF4B-00C04F79EFBC}") = "ThousandSchnapsen.Common.Tests", "ThousandSchnapsen.Common.Tests\ThousandSchnapsen.Common.Tests.csproj", "{45F1CE4A-D043-4FFE-BFB2-B7B5120BC988}"
EndProject
Project("{FAE04EC0-301F-11D3-BF4B-00C04F79EFBC}") = "ThousandSchnapsen.Simulator", "ThousandSchnapsen.Simulator\ThousandSchnapsen.Simulator.csproj", "{4FB2C232-F782-487E-B88B-7C028032E4CD}"
EndProject
Project("{FAE04EC0-301F-11D3-BF4B-00C04F79EFBC}") = "ThousandSchnapsen.KuhnPokerCrm", "ThousandSchnapsen.KuhnPokerCrm\ThousandSchnapsen.KuhnPokerCrm.csproj", "{8F252AA5-EBC6-49BD-ABAB-234F3423F06C}"
EndProject
Project("{FAE04EC0-301F-11D3-BF4B-00C04F79EFBC}") = "ThousandSchnapsen.CRM", "ThousandSchnapsen.CRM\ThousandSchnapsen.CRM.csproj", "{D3F78513-8206-4A51-8726-C027032F5BF8}"
EndProject
Global
	GlobalSection(SolutionConfigurationPlatforms) = preSolution
		Debug|Any CPU = Debug|Any CPU
		Debug|x64 = Debug|x64
		Debug|x86 = Debug|x86
		Release|Any CPU = Release|Any CPU
		Release|x64 = Release|x64
		Release|x86 = Release|x86
	EndGlobalSection
	GlobalSection(SolutionProperties) = preSolution
		HideSolutionNode = FALSE
	EndGlobalSection
	GlobalSection(ProjectConfigurationPlatforms) = postSolution
		{8D1FBA52-93C2-4F42-A0EB-99987BB76FD8}.Debug|Any CPU.ActiveCfg = Debug|Any CPU
		{8D1FBA52-93C2-4F42-A0EB-99987BB76FD8}.Debug|Any CPU.Build.0 = Debug|Any CPU
		{8D1FBA52-93C2-4F42-A0EB-99987BB76FD8}.Debug|x64.ActiveCfg = Debug|Any CPU
		{8D1FBA52-93C2-4F42-A0EB-99987BB76FD8}.Debug|x64.Build.0 = Debug|Any CPU
		{8D1FBA52-93C2-4F42-A0EB-99987BB76FD8}.Debug|x86.ActiveCfg = Debug|Any CPU
		{8D1FBA52-93C2-4F42-A0EB-99987BB76FD8}.Debug|x86.Build.0 = Debug|Any CPU
		{8D1FBA52-93C2-4F42-A0EB-99987BB76FD8}.Release|Any CPU.ActiveCfg = Release|Any CPU
		{8D1FBA52-93C2-4F42-A0EB-99987BB76FD8}.Release|Any CPU.Build.0 = Release|Any CPU
		{8D1FBA52-93C2-4F42-A0EB-99987BB76FD8}.Release|x64.ActiveCfg = Release|Any CPU
		{8D1FBA52-93C2-4F42-A0EB-99987BB76FD8}.Release|x64.Build.0 = Release|Any CPU
		{8D1FBA52-93C2-4F42-A0EB-99987BB76FD8}.Release|x86.ActiveCfg = Release|Any CPU
		{8D1FBA52-93C2-4F42-A0EB-99987BB76FD8}.Release|x86.Build.0 = Release|Any CPU
		{D106EC0C-263D-4EC0-92DE-4FA03617764A}.Debug|Any CPU.ActiveCfg = Debug|Any CPU
		{D106EC0C-263D-4EC0-92DE-4FA03617764A}.Debug|Any CPU.Build.0 = Debug|Any CPU
		{D106EC0C-263D-4EC0-92DE-4FA03617764A}.Debug|x64.ActiveCfg = Debug|Any CPU
		{D106EC0C-263D-4EC0-92DE-4FA03617764A}.Debug|x64.Build.0 = Debug|Any CPU
		{D106EC0C-263D-4EC0-92DE-4FA03617764A}.Debug|x86.ActiveCfg = Debug|Any CPU
		{D106EC0C-263D-4EC0-92DE-4FA03617764A}.Debug|x86.Build.0 = Debug|Any CPU
		{D106EC0C-263D-4EC0-92DE-4FA03617764A}.Release|Any CPU.ActiveCfg = Release|Any CPU
		{D106EC0C-263D-4EC0-92DE-4FA03617764A}.Release|Any CPU.Build.0 = Release|Any CPU
		{D106EC0C-263D-4EC0-92DE-4FA03617764A}.Release|x64.ActiveCfg = Release|Any CPU
		{D106EC0C-263D-4EC0-92DE-4FA03617764A}.Release|x64.Build.0 = Release|Any CPU
		{D106EC0C-263D-4EC0-92DE-4FA03617764A}.Release|x86.ActiveCfg = Release|Any CPU
		{D106EC0C-263D-4EC0-92DE-4FA03617764A}.Release|x86.Build.0 = Release|Any CPU
		{45F1CE4A-D043-4FFE-BFB2-B7B5120BC988}.Debug|Any CPU.ActiveCfg = Debug|Any CPU
		{45F1CE4A-D043-4FFE-BFB2-B7B5120BC988}.Debug|Any CPU.Build.0 = Debug|Any CPU
		{45F1CE4A-D043-4FFE-BFB2-B7B5120BC988}.Debug|x64.ActiveCfg = Debug|Any CPU
		{45F1CE4A-D043-4FFE-BFB2-B7B5120BC988}.Debug|x64.Build.0 = Debug|Any CPU
		{45F1CE4A-D043-4FFE-BFB2-B7B5120BC988}.Debug|x86.ActiveCfg = Debug|Any CPU
		{45F1CE4A-D043-4FFE-BFB2-B7B5120BC988}.Debug|x86.Build.0 = Debug|Any CPU
		{45F1CE4A-D043-4FFE-BFB2-B7B5120BC988}.Release|Any CPU.ActiveCfg = Release|Any CPU
		{45F1CE4A-D043-4FFE-BFB2-B7B5120BC988}.Release|Any CPU.Build.0 = Release|Any CPU
		{45F1CE4A-D043-4FFE-BFB2-B7B5120BC988}.Release|x64.ActiveCfg = Release|Any CPU
		{45F1CE4A-D043-4FFE-BFB2-B7B5120BC988}.Release|x64.Build.0 = Release|Any CPU
		{45F1CE4A-D043-4FFE-BFB2-B7B5120BC988}.Release|x86.ActiveCfg = Release|Any CPU
		{45F1CE4A-D043-4FFE-BFB2-B7B5120BC988}.Release|x86.Build.0 = Release|Any CPU
		{4FB2C232-F782-487E-B88B-7C028032E4CD}.Debug|Any CPU.ActiveCfg = Debug|Any CPU
		{4FB2C232-F782-487E-B88B-7C028032E4CD}.Debug|Any CPU.Build.0 = Debug|Any CPU
		{4FB2C232-F782-487E-B88B-7C028032E4CD}.Debug|x64.ActiveCfg = Debug|Any CPU
		{4FB2C232-F782-487E-B88B-7C028032E4CD}.Debug|x64.Build.0 = Debug|Any CPU
		{4FB2C232-F782-487E-B88B-7C028032E4CD}.Debug|x86.ActiveCfg = Debug|Any CPU
		{4FB2C232-F782-487E-B88B-7C028032E4CD}.Debug|x86.Build.0 = Debug|Any CPU
		{4FB2C232-F782-487E-B88B-7C028032E4CD}.Release|Any CPU.ActiveCfg = Release|Any CPU
		{4FB2C232-F782-487E-B88B-7C028032E4CD}.Release|Any CPU.Build.0 = Release|Any CPU
		{4FB2C232-F782-487E-B88B-7C028032E4CD}.Release|x64.ActiveCfg = Release|Any CPU
		{4FB2C232-F782-487E-B88B-7C028032E4CD}.Release|x64.Build.0 = Release|Any CPU
		{4FB2C232-F782-487E-B88B-7C028032E4CD}.Release|x86.ActiveCfg = Release|Any CPU
		{4FB2C232-F782-487E-B88B-7C028032E4CD}.Release|x86.Build.0 = Release|Any CPU
		{8F252AA5-EBC6-49BD-ABAB-234F3423F06C}.Debug|Any CPU.ActiveCfg = Debug|Any CPU
		{8F252AA5-EBC6-49BD-ABAB-234F3423F06C}.Debug|Any CPU.Build.0 = Debug|Any CPU
		{8F252AA5-EBC6-49BD-ABAB-234F3423F06C}.Debug|x64.ActiveCfg = Debug|Any CPU
		{8F252AA5-EBC6-49BD-ABAB-234F3423F06C}.Debug|x64.Build.0 = Debug|Any CPU
		{8F252AA5-EBC6-49BD-ABAB-234F3423F06C}.Debug|x86.ActiveCfg = Debug|Any CPU
		{8F252AA5-EBC6-49BD-ABAB-234F3423F06C}.Debug|x86.Build.0 = Debug|Any CPU
		{8F252AA5-EBC6-49BD-ABAB-234F3423F06C}.Release|Any CPU.ActiveCfg = Release|Any CPU
		{8F252AA5-EBC6-49BD-ABAB-234F3423F06C}.Release|Any CPU.Build.0 = Release|Any CPU
		{8F252AA5-EBC6-49BD-ABAB-234F3423F06C}.Release|x64.ActiveCfg = Release|Any CPU
		{8F252AA5-EBC6-49BD-ABAB-234F3423F06C}.Release|x64.Build.0 = Release|Any CPU
		{8F252AA5-EBC6-49BD-ABAB-234F3423F06C}.Release|x86.ActiveCfg = Release|Any CPU
		{8F252AA5-EBC6-49BD-ABAB-234F3423F06C}.Release|x86.Build.0 = Release|Any CPU
		{D3F78513-8206-4A51-8726-C027032F5BF8}.Debug|Any CPU.ActiveCfg = Debug|Any CPU
		{D3F78513-8206-4A51-8726-C027032F5BF8}.Debug|Any CPU.Build.0 = Debug|Any CPU
		{D3F78513-8206-4A51-8726-C027032F5BF8}.Debug|x64.ActiveCfg = Debug|Any CPU
		{D3F78513-8206-4A51-8726-C027032F5BF8}.Debug|x64.Build.0 = Debug|Any CPU
		{D3F78513-8206-4A51-8726-C027032F5BF8}.Debug|x86.ActiveCfg = Debug|Any CPU
		{D3F78513-8206-4A51-8726-C027032F5BF8}.Debug|x86.Build.0 = Debug|Any CPU
		{D3F78513-8206-4A51-8726-C027032F5BF8}.Release|Any CPU.ActiveCfg = Release|Any CPU
		{D3F78513-8206-4A51-8726-C027032F5BF8}.Release|Any CPU.Build.0 = Release|Any CPU
		{D3F78513-8206-4A51-8726-C027032F5BF8}.Release|x64.ActiveCfg = Release|Any CPU
		{D3F78513-8206-4A51-8726-C027032F5BF8}.Release|x64.Build.0 = Release|Any CPU
		{D3F78513-8206-4A51-8726-C027032F5BF8}.Release|x86.ActiveCfg = Release|Any CPU
		{D3F78513-8206-4A51-8726-C027032F5BF8}.Release|x86.Build.0 = Release|Any CPU
	EndGlobalSection
EndGlobal
